{
  "name": "node-data-generator",
  "version": "1.0.0",
  "lockfileVersion": 3,
  "requires": true,
  "packages": {
    "": {
      "name": "node-data-generator",
      "version": "1.0.0",
      "license": "MIT",
      "devDependencies": {
        "gerador-br": "^1.2.3"
      }
    },
    "node_modules/gerador-br": {
      "version": "1.2.3",
      "resolved": "https://registry.npmjs.org/gerador-br/-/gerador-br-1.2.3.tgz",
      "integrity": "sha512-5+kYPEiYM3nuRI7+pKPs6mozh9LEz5fuLdloL/eqhciXdn9jm6jkt2wFqrtyEWUCELkQcMnX6WA8VtEB3MW+CA==",
      "dev": true
    }
  }
}
